
Microsoft Visual Studio Solution File, Format Version 12.00
Project("{FAE04EC0-301F-11D3-BF4B-00C04F79EFBC}") = "WebApp", "src\WebApp\WebApp.csproj", "{3F49D36B-EE59-4332-9DFD-11312BF94CAA}"
EndProject
Project("{FAE04EC0-301F-11D3-BF4B-00C04F79EFBC}") = "DbEntities", "src\DB\DbEntities\DbEntities.csproj", "{0B32888C-5BD1-43AC-BDDA-562483B23F4B}"
EndProject
Project("{FAE04EC0-301F-11D3-BF4B-00C04F79EFBC}") = "DbContext", "src\DB\DbContext\DbContext.csproj", "{D0412728-1CA9-4C1A-ADD8-99BC308BE88A}"
EndProject
Project("{FAE04EC0-301F-11D3-BF4B-00C04F79EFBC}") = "DbAbstractions", "src\DB\DbAbstractions\DbAbstractions.csproj", "{A2837E80-9CEC-449E-94A3-11807BEB522D}"
EndProject
Project("{FAE04EC0-301F-11D3-BF4B-00C04F79EFBC}") = "DbRepositories", "src\DB\DbRepositories\DbRepositories.csproj", "{7AA6492C-7992-4723-A0D6-51B001C8E3A3}"
EndProject
Project("{2150E333-8FDC-42A3-9474-1A3956D46DE8}") = "src", "src", "{6BBDD5F5-C1B2-4334-B9DA-F821CAA377F5}"
EndProject
Project("{2150E333-8FDC-42A3-9474-1A3956D46DE8}") = "DB", "DB", "{4A84E7AE-C5BD-44C7-A7A6-C9F45981B9E6}"
EndProject
Global
	GlobalSection(SolutionConfigurationPlatforms) = preSolution
		Debug|Any CPU = Debug|Any CPU
		Release|Any CPU = Release|Any CPU
	EndGlobalSection
	GlobalSection(ProjectConfigurationPlatforms) = postSolution
		{3F49D36B-EE59-4332-9DFD-11312BF94CAA}.Debug|Any CPU.ActiveCfg = Debug|Any CPU
		{3F49D36B-EE59-4332-9DFD-11312BF94CAA}.Debug|Any CPU.Build.0 = Debug|Any CPU
		{3F49D36B-EE59-4332-9DFD-11312BF94CAA}.Release|Any CPU.ActiveCfg = Release|Any CPU
		{3F49D36B-EE59-4332-9DFD-11312BF94CAA}.Release|Any CPU.Build.0 = Release|Any CPU
		{0B32888C-5BD1-43AC-BDDA-562483B23F4B}.Debug|Any CPU.ActiveCfg = Debug|Any CPU
		{0B32888C-5BD1-43AC-BDDA-562483B23F4B}.Debug|Any CPU.Build.0 = Debug|Any CPU
		{0B32888C-5BD1-43AC-BDDA-562483B23F4B}.Release|Any CPU.ActiveCfg = Release|Any CPU
		{0B32888C-5BD1-43AC-BDDA-562483B23F4B}.Release|Any CPU.Build.0 = Release|Any CPU
		{D0412728-1CA9-4C1A-ADD8-99BC308BE88A}.Debug|Any CPU.ActiveCfg = Debug|Any CPU
		{D0412728-1CA9-4C1A-ADD8-99BC308BE88A}.Debug|Any CPU.Build.0 = Debug|Any CPU
		{D0412728-1CA9-4C1A-ADD8-99BC308BE88A}.Release|Any CPU.ActiveCfg = Release|Any CPU
		{D0412728-1CA9-4C1A-ADD8-99BC308BE88A}.Release|Any CPU.Build.0 = Release|Any CPU
		{A2837E80-9CEC-449E-94A3-11807BEB522D}.Debug|Any CPU.ActiveCfg = Debug|Any CPU
		{A2837E80-9CEC-449E-94A3-11807BEB522D}.Debug|Any CPU.Build.0 = Debug|Any CPU
		{A2837E80-9CEC-449E-94A3-11807BEB522D}.Release|Any CPU.ActiveCfg = Release|Any CPU
		{A2837E80-9CEC-449E-94A3-11807BEB522D}.Release|Any CPU.Build.0 = Release|Any CPU
		{7AA6492C-7992-4723-A0D6-51B001C8E3A3}.Debug|Any CPU.ActiveCfg = Debug|Any CPU
		{7AA6492C-7992-4723-A0D6-51B001C8E3A3}.Debug|Any CPU.Build.0 = Debug|Any CPU
		{7AA6492C-7992-4723-A0D6-51B001C8E3A3}.Release|Any CPU.ActiveCfg = Release|Any CPU
		{7AA6492C-7992-4723-A0D6-51B001C8E3A3}.Release|Any CPU.Build.0 = Release|Any CPU
	EndGlobalSection
	GlobalSection(NestedProjects) = preSolution
		{3F49D36B-EE59-4332-9DFD-11312BF94CAA} = {6BBDD5F5-C1B2-4334-B9DA-F821CAA377F5}
		{4A84E7AE-C5BD-44C7-A7A6-C9F45981B9E6} = {6BBDD5F5-C1B2-4334-B9DA-F821CAA377F5}
		{A2837E80-9CEC-449E-94A3-11807BEB522D} = {4A84E7AE-C5BD-44C7-A7A6-C9F45981B9E6}
		{D0412728-1CA9-4C1A-ADD8-99BC308BE88A} = {4A84E7AE-C5BD-44C7-A7A6-C9F45981B9E6}
		{0B32888C-5BD1-43AC-BDDA-562483B23F4B} = {4A84E7AE-C5BD-44C7-A7A6-C9F45981B9E6}
		{7AA6492C-7992-4723-A0D6-51B001C8E3A3} = {4A84E7AE-C5BD-44C7-A7A6-C9F45981B9E6}
	EndGlobalSection
EndGlobal
